// !$*UTF8*$!
{
	archiveVersion = 1;
	classes = {
	};
	objectVersion = 46;
	objects = {

/* Begin PBXBuildFile section */
		1E1AD3B81F38AA1700B2171D /* ViewController2.swift in Sources */ = {isa = PBXBuildFile; fileRef = 1E1AD3B71F38AA1700B2171D /* ViewController2.swift */; };
		1E2951D71F217173003D0903 /* pix.png in Resources */ = {isa = PBXBuildFile; fileRef = 1E2951D61F217173003D0903 /* pix.png */; };
		1EEB4DC91F204521005081E9 /* AppDelegate.swift in Sources */ = {isa = PBXBuildFile; fileRef = 1EEB4DC81F204521005081E9 /* AppDelegate.swift */; };
		1EEB4DCB1F204521005081E9 /* ViewController.swift in Sources */ = {isa = PBXBuildFile; fileRef = 1EEB4DCA1F204521005081E9 /* ViewController.swift */; };
		1EEB4DCE1F204521005081E9 /* Main.storyboard in Resources */ = {isa = PBXBuildFile; fileRef = 1EEB4DCC1F204521005081E9 /* Main.storyboard */; };
		1EEB4DD01F204521005081E9 /* Assets.xcassets in Resources */ = {isa = PBXBuildFile; fileRef = 1EEB4DCF1F204521005081E9 /* Assets.xcassets */; };
		1EEB4DD31F204521005081E9 /* LaunchScreen.storyboard in Resources */ = {isa = PBXBuildFile; fileRef = 1EEB4DD11F204521005081E9 /* LaunchScreen.storyboard */; };
		1EEB4DDE1F204521005081E9 /* socketTests.swift in Sources */ = {isa = PBXBuildFile; fileRef = 1EEB4DDD1F204521005081E9 /* socketTests.swift */; };
		1EEB4DE91F204521005081E9 /* socketUITests.swift in Sources */ = {isa = PBXBuildFile; fileRef = 1EEB4DE81F204521005081E9 /* socketUITests.swift */; };
		1EEB4DF71F2045AE005081E9 /* Podfile in Resources */ = {isa = PBXBuildFile; fileRef = 1EEB4DF61F2045AE005081E9 /* Podfile */; };
		29240456621EC6D2D6CACE2F /* Pods_socket.framework in Frameworks */ = {isa = PBXBuildFile; fileRef = F0E3A7B9DF391A3F845FAF48 /* Pods_socket.framework */; };
/* End PBXBuildFile section */

/* Begin PBXContainerItemProxy section */
		1EEB4DDA1F204521005081E9 /* PBXContainerItemProxy */ = {
			isa = PBXContainerItemProxy;
			containerPortal = 1EEB4DBD1F204521005081E9 /* Project object */;
			proxyType = 1;
			remoteGlobalIDString = 1EEB4DC41F204521005081E9;
			remoteInfo = socket;
		};
		1EEB4DE51F204521005081E9 /* PBXContainerItemProxy */ = {
			isa = PBXContainerItemProxy;
			containerPortal = 1EEB4DBD1F204521005081E9 /* Project object */;
			proxyType = 1;
			remoteGlobalIDString = 1EEB4DC41F204521005081E9;
			remoteInfo = socket;
		};
/* End PBXContainerItemProxy section */

/* Begin PBXFileReference section */
		1E1AD3B71F38AA1700B2171D /* ViewController2.swift */ = {isa = PBXFileReference; fileEncoding = 4; lastKnownFileType = sourcecode.swift; path = ViewController2.swift; sourceTree = "<group>"; };
		1E2951D61F217173003D0903 /* pix.png */ = {isa = PBXFileReference; lastKnownFileType = image.png; path = pix.png; sourceTree = "<group>"; };
		1EEB4DC51F204521005081E9 /* socket.app */ = {isa = PBXFileReference; explicitFileType = wrapper.application; includeInIndex = 0; path = socket.app; sourceTree = BUILT_PRODUCTS_DIR; };
		1EEB4DC81F204521005081E9 /* AppDelegate.swift */ = {isa = PBXFileReference; lastKnownFileType = sourcecode.swift; path = AppDelegate.swift; sourceTree = "<group>"; };
		1EEB4DCA1F204521005081E9 /* ViewController.swift */ = {isa = PBXFileReference; lastKnownFileType = sourcecode.swift; path = ViewController.swift; sourceTree = "<group>"; };
		1EEB4DCD1F204521005081E9 /* Base */ = {isa = PBXFileReference; lastKnownFileType = file.storyboard; name = Base; path = Base.lproj/Main.storyboard; sourceTree = "<group>"; };
		1EEB4DCF1F204521005081E9 /* Assets.xcassets */ = {isa = PBXFileReference; lastKnownFileType = folder.assetcatalog; path = Assets.xcassets; sourceTree = "<group>"; };
		1EEB4DD21F204521005081E9 /* Base */ = {isa = PBXFileReference; lastKnownFileType = file.storyboard; name = Base; path = Base.lproj/LaunchScreen.storyboard; sourceTree = "<group>"; };
		1EEB4DD41F204521005081E9 /* Info.plist */ = {isa = PBXFileReference; lastKnownFileType = text.plist.xml; path = Info.plist; sourceTree = "<group>"; };
		1EEB4DD91F204521005081E9 /* socketTests.xctest */ = {isa = PBXFileReference; explicitFileType = wrapper.cfbundle; includeInIndex = 0; path = socketTests.xctest; sourceTree = BUILT_PRODUCTS_DIR; };
		1EEB4DDD1F204521005081E9 /* socketTests.swift */ = {isa = PBXFileReference; lastKnownFileType = sourcecode.swift; path = socketTests.swift; sourceTree = "<group>"; };
		1EEB4DDF1F204521005081E9 /* Info.plist */ = {isa = PBXFileReference; lastKnownFileType = text.plist.xml; path = Info.plist; sourceTree = "<group>"; };
		1EEB4DE41F204521005081E9 /* socketUITests.xctest */ = {isa = PBXFileReference; explicitFileType = wrapper.cfbundle; includeInIndex = 0; path = socketUITests.xctest; sourceTree = BUILT_PRODUCTS_DIR; };
		1EEB4DE81F204521005081E9 /* socketUITests.swift */ = {isa = PBXFileReference; lastKnownFileType = sourcecode.swift; path = socketUITests.swift; sourceTree = "<group>"; };
		1EEB4DEA1F204521005081E9 /* Info.plist */ = {isa = PBXFileReference; lastKnownFileType = text.plist.xml; path = Info.plist; sourceTree = "<group>"; };
		1EEB4DF61F2045AE005081E9 /* Podfile */ = {isa = PBXFileReference; fileEncoding = 4; lastKnownFileType = text; path = Podfile; sourceTree = "<group>"; xcLanguageSpecificationIdentifier = xcode.lang.ruby; };
		D87268D9C5B9E0C2AAD47F4C /* Pods-socket.debug.xcconfig */ = {isa = PBXFileReference; includeInIndex = 1; lastKnownFileType = text.xcconfig; name = "Pods-socket.debug.xcconfig"; path = "Pods/Target Support Files/Pods-socket/Pods-socket.debug.xcconfig"; sourceTree = "<group>"; };
		ED4E1050294C52C35CAAA890 /* Pods-socket.release.xcconfig */ = {isa = PBXFileReference; includeInIndex = 1; lastKnownFileType = text.xcconfig; name = "Pods-socket.release.xcconfig"; path = "Pods/Target Support Files/Pods-socket/Pods-socket.release.xcconfig"; sourceTree = "<group>"; };
		F0E3A7B9DF391A3F845FAF48 /* Pods_socket.framework */ = {isa = PBXFileReference; explicitFileType = wrapper.framework; includeInIndex = 0; path = Pods_socket.framework; sourceTree = BUILT_PRODUCTS_DIR; };
/* End PBXFileReference section */

/* Begin PBXFrameworksBuildPhase section */
		1EEB4DC21F204521005081E9 /* Frameworks */ = {
			isa = PBXFrameworksBuildPhase;
			buildActionMask = 2147483647;
			files = (
				29240456621EC6D2D6CACE2F /* Pods_socket.framework in Frameworks */,
			);
			runOnlyForDeploymentPostprocessing = 0;
		};
		1EEB4DD61F204521005081E9 /* Frameworks */ = {
			isa = PBXFrameworksBuildPhase;
			buildActionMask = 2147483647;
			files = (
			);
			runOnlyForDeploymentPostprocessing = 0;
		};
		1EEB4DE11F204521005081E9 /* Frameworks */ = {
			isa = PBXFrameworksBuildPhase;
			buildActionMask = 2147483647;
			files = (
			);
			runOnlyForDeploymentPostprocessing = 0;
		};
/* End PBXFrameworksBuildPhase section */

/* Begin PBXGroup section */
		1EEB4DBC1F204521005081E9 = {
			isa = PBXGroup;
			children = (
				1E2951D61F217173003D0903 /* pix.png */,
				1EEB4DF61F2045AE005081E9 /* Podfile */,
				1EEB4DC71F204521005081E9 /* socket */,
				1EEB4DDC1F204521005081E9 /* socketTests */,
				1EEB4DE71F204521005081E9 /* socketUITests */,
				1EEB4DC61F204521005081E9 /* Products */,
				ACEB2E0F88D4DDA5CBEF2DAE /* Pods */,
				E4F3699E57D7C284C4DA1E9F /* Frameworks */,
			);
			sourceTree = "<group>";
		};
		1EEB4DC61F204521005081E9 /* Products */ = {
			isa = PBXGroup;
			children = (
				1EEB4DC51F204521005081E9 /* socket.app */,
				1EEB4DD91F204521005081E9 /* socketTests.xctest */,
				1EEB4DE41F204521005081E9 /* socketUITests.xctest */,
			);
			name = Products;
			sourceTree = "<group>";
		};
		1EEB4DC71F204521005081E9 /* socket */ = {
			isa = PBXGroup;
			children = (
				1EEB4DC81F204521005081E9 /* AppDelegate.swift */,
				1EEB4DCA1F204521005081E9 /* ViewController.swift */,
				1E1AD3B71F38AA1700B2171D /* ViewController2.swift */,
				1EEB4DCC1F204521005081E9 /* Main.storyboard */,
				1EEB4DCF1F204521005081E9 /* Assets.xcassets */,
				1EEB4DD11F204521005081E9 /* LaunchScreen.storyboard */,
				1EEB4DD41F204521005081E9 /* Info.plist */,
			);
			path = socket;
			sourceTree = "<group>";
		};
		1EEB4DDC1F204521005081E9 /* socketTests */ = {
			isa = PBXGroup;
			children = (
				1EEB4DDD1F204521005081E9 /* socketTests.swift */,
				1EEB4DDF1F204521005081E9 /* Info.plist */,
			);
			path = socketTests;
			sourceTree = "<group>";
		};
		1EEB4DE71F204521005081E9 /* socketUITests */ = {
			isa = PBXGroup;
			children = (
				1EEB4DE81F204521005081E9 /* socketUITests.swift */,
				1EEB4DEA1F204521005081E9 /* Info.plist */,
			);
			path = socketUITests;
			sourceTree = "<group>";
		};
		ACEB2E0F88D4DDA5CBEF2DAE /* Pods */ = {
			isa = PBXGroup;
			children = (
				D87268D9C5B9E0C2AAD47F4C /* Pods-socket.debug.xcconfig */,
				ED4E1050294C52C35CAAA890 /* Pods-socket.release.xcconfig */,
			);
			name = Pods;
			sourceTree = "<group>";
		};
		E4F3699E57D7C284C4DA1E9F /* Frameworks */ = {
			isa = PBXGroup;
			children = (
				F0E3A7B9DF391A3F845FAF48 /* Pods_socket.framework */,
			);
			name = Frameworks;
			sourceTree = "<group>";
		};
/* End PBXGroup section */

/* Begin PBXNativeTarget section */
		1EEB4DC41F204521005081E9 /* socket */ = {
			isa = PBXNativeTarget;
			buildConfigurationList = 1EEB4DED1F204521005081E9 /* Build configuration list for PBXNativeTarget "socket" */;
			buildPhases = (
				300389D9F89A0FEF65E989A9 /* [CP] Check Pods Manifest.lock */,
				1EEB4DC11F204521005081E9 /* Sources */,
				1EEB4DC21F204521005081E9 /* Frameworks */,
				1EEB4DC31F204521005081E9 /* Resources */,
				446CCBD16C4D491E1539F3DC /* [CP] Embed Pods Frameworks */,
				A1280259CCF8B3F673E11C55 /* [CP] Copy Pods Resources */,
			);
			buildRules = (
			);
			dependencies = (
			);
			name = socket;
			productName = socket;
			productReference = 1EEB4DC51F204521005081E9 /* socket.app */;
			productType = "com.apple.product-type.application";
		};
		1EEB4DD81F204521005081E9 /* socketTests */ = {
			isa = PBXNativeTarget;
			buildConfigurationList = 1EEB4DF01F204521005081E9 /* Build configuration list for PBXNativeTarget "socketTests" */;
			buildPhases = (
				1EEB4DD51F204521005081E9 /* Sources */,
				1EEB4DD61F204521005081E9 /* Frameworks */,
				1EEB4DD71F204521005081E9 /* Resources */,
			);
			buildRules = (
			);
			dependencies = (
				1EEB4DDB1F204521005081E9 /* PBXTargetDependency */,
			);
			name = socketTests;
			productName = socketTests;
			productReference = 1EEB4DD91F204521005081E9 /* socketTests.xctest */;
			productType = "com.apple.product-type.bundle.unit-test";
		};
		1EEB4DE31F204521005081E9 /* socketUITests */ = {
			isa = PBXNativeTarget;
			buildConfigurationList = 1EEB4DF31F204521005081E9 /* Build configuration list for PBXNativeTarget "socketUITests" */;
			buildPhases = (
				1EEB4DE01F204521005081E9 /* Sources */,
				1EEB4DE11F204521005081E9 /* Frameworks */,
				1EEB4DE21F204521005081E9 /* Resources */,
			);
			buildRules = (
			);
			dependencies = (
				1EEB4DE61F204521005081E9 /* PBXTargetDependency */,
			);
			name = socketUITests;
			productName = socketUITests;
			productReference = 1EEB4DE41F204521005081E9 /* socketUITests.xctest */;
			productType = "com.apple.product-type.bundle.ui-testing";
		};
/* End PBXNativeTarget section */

/* Begin PBXProject section */
		1EEB4DBD1F204521005081E9 /* Project object */ = {
			isa = PBXProject;
			attributes = {
				LastSwiftUpdateCheck = 0830;
				LastUpgradeCheck = 0830;
				ORGANIZATIONNAME = IshimotoKiko;
				TargetAttributes = {
					1EEB4DC41F204521005081E9 = {
						CreatedOnToolsVersion = 8.3.3;
						DevelopmentTeam = 2NP887SMLE;
						ProvisioningStyle = Automatic;
					};
					1EEB4DD81F204521005081E9 = {
						CreatedOnToolsVersion = 8.3.3;
						ProvisioningStyle = Automatic;
						TestTargetID = 1EEB4DC41F204521005081E9;
					};
					1EEB4DE31F204521005081E9 = {
						CreatedOnToolsVersion = 8.3.3;
						ProvisioningStyle = Automatic;
						TestTargetID = 1EEB4DC41F204521005081E9;
					};
				};
			};
			buildConfigurationList = 1EEB4DC01F204521005081E9 /* Build configuration list for PBXProject "socket" */;
			compatibilityVersion = "Xcode 3.2";
			developmentRegion = English;
			hasScannedForEncodings = 0;
			knownRegions = (
				en,
				Base,
			);
			mainGroup = 1EEB4DBC1F204521005081E9;
			productRefGroup = 1EEB4DC61F204521005081E9 /* Products */;
			projectDirPath = "";
			projectRoot = "";
			targets = (
				1EEB4DC41F204521005081E9 /* socket */,
				1EEB4DD81F204521005081E9 /* socketTests */,
				1EEB4DE31F204521005081E9 /* socketUITests */,
			);
		};
/* End PBXProject section */

/* Begin PBXResourcesBuildPhase section */
		1EEB4DC31F204521005081E9 /* Resources */ = {
			isa = PBXResourcesBuildPhase;
			buildActionMask = 2147483647;
			files = (
				1EEB4DF71F2045AE005081E9 /* Podfile in Resources */,
				1EEB4DD31F204521005081E9 /* LaunchScreen.storyboard in Resources */,
				1EEB4DD01F204521005081E9 /* Assets.xcassets in Resources */,
				1E2951D71F217173003D0903 /* pix.png in Resources */,
				1EEB4DCE1F204521005081E9 /* Main.storyboard in Resources */,
			);
			runOnlyForDeploymentPostprocessing = 0;
		};
		1EEB4DD71F204521005081E9 /* Resources */ = {
			isa = PBXResourcesBuildPhase;
			buildActionMask = 2147483647;
			files = (
			);
			runOnlyForDeploymentPostprocessing = 0;
		};
		1EEB4DE21F204521005081E9 /* Resources */ = {
			isa = PBXResourcesBuildPhase;
			buildActionMask = 2147483647;
			files = (
			);
			runOnlyForDeploymentPostprocessing = 0;
		};
/* End PBXResourcesBuildPhase section */

/* Begin PBXShellScriptBuildPhase section */
		300389D9F89A0FEF65E989A9 /* [CP] Check Pods Manifest.lock */ = {
			isa = PBXShellScriptBuildPhase;
			buildActionMask = 2147483647;
			files = (
			);
			inputPaths = (
			);
			name = "[CP] Check Pods Manifest.lock";
			outputPaths = (
			);
			runOnlyForDeploymentPostprocessing = 0;
			shellPath = /bin/sh;
			shellScript = "diff \"${PODS_PODFILE_DIR_PATH}/Podfile.lock\" \"${PODS_ROOT}/Manifest.lock\" > /dev/null\nif [ $? != 0 ] ; then\n    # print error to STDERR\n    echo \"error: The sandbox is not in sync with the Podfile.lock. Run 'pod install' or update your CocoaPods installation.\" >&2\n    exit 1\nfi\n";
			showEnvVarsInLog = 0;
		};
		446CCBD16C4D491E1539F3DC /* [CP] Embed Pods Frameworks */ = {
			isa = PBXShellScriptBuildPhase;
			buildActionMask = 2147483647;
			files = (
			);
			inputPaths = (
			);
			name = "[CP] Embed Pods Frameworks";
			outputPaths = (
			);
			runOnlyForDeploymentPostprocessing = 0;
			shellPath = /bin/sh;
			shellScript = "\"${SRCROOT}/Pods/Target Support Files/Pods-socket/Pods-socket-frameworks.sh\"\n";
			showEnvVarsInLog = 0;
		};
		A1280259CCF8B3F673E11C55 /* [CP] Copy Pods Resources */ = {
			isa = PBXShellScriptBuildPhase;
			buildActionMask = 2147483647;
			files = (
			);
			inputPaths = (
			);
			name = "[CP] Copy Pods Resources";
			outputPaths = (
			);
			runOnlyForDeploymentPostprocessing = 0;
			shellPath = /bin/sh;
			shellScript = "\"${SRCROOT}/Pods/Target Support Files/Pods-socket/Pods-socket-resources.sh\"\n";
			showEnvVarsInLog = 0;
		};
/* End PBXShellScriptBuildPhase section */

/* Begin PBXSourcesBuildPhase section */
		1EEB4DC11F204521005081E9 /* Sources */ = {
			isa = PBXSourcesBuildPhase;
			buildActionMask = 2147483647;
			files = (
				1EEB4DCB1F204521005081E9 /* ViewController.swift in Sources */,
				1EEB4DC91F204521005081E9 /* AppDelegate.swift in Sources */,
				1E1AD3B81F38AA1700B2171D /* ViewController2.swift in Sources */,
			);
			runOnlyForDeploymentPostprocessing = 0;
		};
		1EEB4DD51F204521005081E9 /* Sources */ = {
			isa = PBXSourcesBuildPhase;
			buildActionMask = 2147483647;
			files = (
				1EEB4DDE1F204521005081E9 /* socketTests.swift in Sources */,
			);
			runOnlyForDeploymentPostprocessing = 0;
		};
		1EEB4DE01F204521005081E9 /* Sources */ = {
			isa = PBXSourcesBuildPhase;
			buildActionMask = 2147483647;
			files = (
				1EEB4DE91F204521005081E9 /* socketUITests.swift in Sources */,
			);
			runOnlyForDeploymentPostprocessing = 0;
		};
/* End PBXSourcesBuildPhase section */

/* Begin PBXTargetDependency section */
		1EEB4DDB1F204521005081E9 /* PBXTargetDependency */ = {
			isa = PBXTargetDependency;
			target = 1EEB4DC41F204521005081E9 /* socket */;
			targetProxy = 1EEB4DDA1F204521005081E9 /* PBXContainerItemProxy */;
		};
		1EEB4DE61F204521005081E9 /* PBXTargetDependency */ = {
			isa = PBXTargetDependency;
			target = 1EEB4DC41F204521005081E9 /* socket */;
			targetProxy = 1EEB4DE51F204521005081E9 /* PBXContainerItemProxy */;
		};
/* End PBXTargetDependency section */

/* Begin PBXVariantGroup section */
		1EEB4DCC1F204521005081E9 /* Main.storyboard */ = {
			isa = PBXVariantGroup;
			children = (
				1EEB4DCD1F204521005081E9 /* Base */,
			);
			name = Main.storyboard;
			sourceTree = "<group>";
		};
		1EEB4DD11F204521005081E9 /* LaunchScreen.storyboard */ = {
			isa = PBXVariantGroup;
			children = (
				1EEB4DD21F204521005081E9 /* Base */,
			);
			name = LaunchScreen.storyboard;
			sourceTree = "<group>";
		};
/* End PBXVariantGroup section */

/* Begin XCBuildConfiguration section */
		1EEB4DEB1F204521005081E9 /* Debug */ = {
			isa = XCBuildConfiguration;
			buildSettings = {
				ALWAYS_SEARCH_USER_PATHS = NO;
				CLANG_ANALYZER_NONNULL = YES;
				CLANG_ANALYZER_NUMBER_OBJECT_CONVERSION = YES_AGGRESSIVE;
				CLANG_CXX_LANGUAGE_STANDARD = "gnu++0x";
				CLANG_CXX_LIBRARY = "libc++";
				CLANG_ENABLE_MODULES = YES;
				CLANG_ENABLE_OBJC_ARC = YES;
				CLANG_WARN_BOOL_CONVERSION = YES;
				CLANG_WARN_CONSTANT_CONVERSION = YES;
				CLANG_WARN_DIRECT_OBJC_ISA_USAGE = YES_ERROR;
				CLANG_WARN_DOCUMENTATION_COMMENTS = YES;
				CLANG_WARN_EMPTY_BODY = YES;
				CLANG_WARN_ENUM_CONVERSION = YES;
				CLANG_WARN_INFINITE_RECURSION = YES;
				CLANG_WARN_INT_CONVERSION = YES;
				CLANG_WARN_OBJC_ROOT_CLASS = YES_ERROR;
				CLANG_WARN_SUSPICIOUS_MOVE = YES;
				CLANG_WARN_UNREACHABLE_CODE = YES;
				CLANG_WARN__DUPLICATE_METHOD_MATCH = YES;
				"CODE_SIGN_IDENTITY[sdk=iphoneos*]" = "iPhone Developer";
				COPY_PHASE_STRIP = NO;
				DEBUG_INFORMATION_FORMAT = dwarf;
				ENABLE_STRICT_OBJC_MSGSEND = YES;
				ENABLE_TESTABILITY = YES;
				GCC_C_LANGUAGE_STANDARD = gnu99;
				GCC_DYNAMIC_NO_PIC = NO;
				GCC_NO_COMMON_BLOCKS = YES;
				GCC_OPTIMIZATION_LEVEL = 0;
				GCC_PREPROCESSOR_DEFINITIONS = (
					"DEBUG=1",
					"$(inherited)",
				);
				GCC_WARN_64_TO_32_BIT_CONVERSION = YES;
				GCC_WARN_ABOUT_RETURN_TYPE = YES_ERROR;
				GCC_WARN_UNDECLARED_SELECTOR = YES;
				GCC_WARN_UNINITIALIZED_AUTOS = YES_AGGRESSIVE;
				GCC_WARN_UNUSED_FUNCTION = YES;
				GCC_WARN_UNUSED_VARIABLE = YES;
				IPHONEOS_DEPLOYMENT_TARGET = 10.3;
				MTL_ENABLE_DEBUG_INFO = YES;
				ONLY_ACTIVE_ARCH = YES;
				SDKROOT = iphoneos;
				SWIFT_ACTIVE_COMPILATION_CONDITIONS = DEBUG;
				SWIFT_OPTIMIZATION_LEVEL = "-Onone";
				TARGETED_DEVICE_FAMILY = "1,2";
			};
			name = Debug;
		};
		1EEB4DEC1F204521005081E9 /* Release */ = {
			isa = XCBuildConfiguration;
			buildSettings = {
				ALWAYS_SEARCH_USER_PATHS = NO;
				CLANG_ANALYZER_NONNULL = YES;
				CLANG_ANALYZER_NUMBER_OBJECT_CONVERSION = YES_AGGRESSIVE;
				CLANG_CXX_LANGUAGE_STANDARD = "gnu++0x";
				CLANG_CXX_LIBRARY = "libc++";
				CLANG_ENABLE_MODULES = YES;
				CLANG_ENABLE_OBJC_ARC = YES;
				CLANG_WARN_BOOL_CONVERSION = YES;
				CLANG_WARN_CONSTANT_CONVERSION = YES;
				CLANG_WARN_DIRECT_OBJC_ISA_USAGE = YES_ERROR;
				CLANG_WARN_DOCUMENTATION_COMMENTS = YES;
				CLANG_WARN_EMPTY_BODY = YES;
				CLANG_WARN_ENUM_CONVERSION = YES;
				CLANG_WARN_INFINITE_RECURSION = YES;
				CLANG_WARN_INT_CONVERSION = YES;
				CLANG_WARN_OBJC_ROOT_CLASS = YES_ERROR;
				CLANG_WARN_SUSPICIOUS_MOVE = YES;
				CLANG_WARN_UNREACHABLE_CODE = YES;
				CLANG_WARN__DUPLICATE_METHOD_MATCH = YES;
				"CODE_SIGN_IDENTITY[sdk=iphoneos*]" = "iPhone Developer";
				COPY_PHASE_STRIP = NO;
				DEBUG_INFORMATION_FORMAT = "dwarf-with-dsym";
				ENABLE_NS_ASSERTIONS = NO;
				ENABLE_STRICT_OBJC_MSGSEND = YES;
				GCC_C_LANGUAGE_STANDARD = gnu99;
				GCC_NO_COMMON_BLOCKS = YES;
				GCC_WARN_64_TO_32_BIT_CONVERSION = YES;
				GCC_WARN_ABOUT_RETURN_TYPE = YES_ERROR;
				GCC_WARN_UNDECLARED_SELECTOR = YES;
				GCC_WARN_UNINITIALIZED_AUTOS = YES_AGGRESSIVE;
				GCC_WARN_UNUSED_FUNCTION = YES;
				GCC_WARN_UNUSED_VARIABLE = YES;
				IPHONEOS_DEPLOYMENT_TARGET = 10.3;
				MTL_ENABLE_DEBUG_INFO = NO;
				SDKROOT = iphoneos;
				SWIFT_OPTIMIZATION_LEVEL = "-Owholemodule";
				TARGETED_DEVICE_FAMILY = "1,2";
				VALIDATE_PRODUCT = YES;
			};
			name = Release;
		};
		1EEB4DEE1F204521005081E9 /* Debug */ = {
			isa = XCBuildConfiguration;
			baseConfigurationReference = D87268D9C5B9E0C2AAD47F4C /* Pods-socket.debug.xcconfig */;
			buildSettings = {
				ASSETCATALOG_COMPILER_APPICON_NAME = AppIcon;
				DEVELOPMENT_TEAM = 2NP887SMLE;
				INFOPLIST_FILE = socket/Info.plist;
				LD_RUNPATH_SEARCH_PATHS = "$(inherited) @executable_path/Frameworks";
				PRODUCT_BUNDLE_IDENTIFIER = com.IshimotoKiko.socket;
				PRODUCT_NAME = "$(TARGET_NAME)";
				SWIFT_VERSION = 3.0;
			};
			name = Debug;
		};
		1EEB4DEF1F204521005081E9 /* Release */ = {
			isa = XCBuildConfiguration;
			baseConfigurationReference = ED4E1050294C52C35CAAA890 /* Pods-socket.release.xcconfig */;
			buildSettings = {
				ASSETCATALOG_COMPILER_APPICON_NAME = AppIcon;
				DEVELOPMENT_TEAM = 2NP887SMLE;
				INFOPLIST_FILE = socket/Info.plist;
				LD_RUNPATH_SEARCH_PATHS = "$(inherited) @executable_path/Frameworks";
				PRODUCT_BUNDLE_IDENTIFIER = com.IshimotoKiko.socket;
				PRODUCT_NAME = "$(TARGET_NAME)";
				SWIFT_VERSION = 3.0;
			};
			name = Release;
		};
		1EEB4DF11F204521005081E9 /* Debug */ = {
			isa = XCBuildConfiguration;
			buildSettings = {
				ALWAYS_EMBED_SWIFT_STANDARD_LIBRARIES = YES;
				BUNDLE_LOADER = "$(TEST_HOST)";
				INFOPLIST_FILE = socketTests/Info.plist;
				LD_RUNPATH_SEARCH_PATHS = "$(inherited) @executable_path/Frameworks @loader_path/Frameworks";
				PRODUCT_BUNDLE_IDENTIFIER = com.IshimotoKiko.socketTests;
				PRODUCT_NAME = "$(TARGET_NAME)";
				SWIFT_VERSION = 3.0;
				TEST_HOST = "$(BUILT_PRODUCTS_DIR)/socket.app/socket";
			};
			name = Debug;
		};
		1EEB4DF21F204521005081E9 /* Release */ = {
			isa = XCBuildConfiguration;
			buildSettings = {
				ALWAYS_EMBED_SWIFT_STANDARD_LIBRARIES = YES;
				BUNDLE_LOADER = "$(TEST_HOST)";
				INFOPLIST_FILE = socketTests/Info.plist;
				LD_RUNPATH_SEARCH_PATHS = "$(inherited) @executable_path/Frameworks @loader_path/Frameworks";
				PRODUCT_BUNDLE_IDENTIFIER = com.IshimotoKiko.socketTests;
				PRODUCT_NAME = "$(TARGET_NAME)";
				SWIFT_VERSION = 3.0;
				TEST_HOST = "$(BUILT_PRODUCTS_DIR)/socket.app/socket";
			};
			name = Release;
		};
		1EEB4DF41F204521005081E9 /* Debug */ = {
			isa = XCBuildConfiguration;
			buildSettings = {
				ALWAYS_EMBED_SWIFT_STANDARD_LIBRARIES = YES;
				INFOPLIST_FILE = socketUITests/Info.plist;
				LD_RUNPATH_SEARCH_PATHS = "$(inherited) @executable_path/Frameworks @loader_path/Frameworks";
				PRODUCT_BUNDLE_IDENTIFIER = com.IshimotoKiko.socketUITests;
				PRODUCT_NAME = "$(TARGET_NAME)";
				SWIFT_VERSION = 3.0;
				TEST_TARGET_NAME = socket;
			};
			name = Debug;
		};
		1EEB4DF51F204521005081E9 /* Release */ = {
			isa = XCBuildConfiguration;
			buildSettings = {
				ALWAYS_EMBED_SWIFT_STANDARD_LIBRARIES = YES;
				INFOPLIST_FILE = socketUITests/Info.plist;
				LD_RUNPATH_SEARCH_PATHS = "$(inherited) @executable_path/Frameworks @loader_path/Frameworks";
				PRODUCT_BUNDLE_IDENTIFIER = com.IshimotoKiko.socketUITests;
				PRODUCT_NAME = "$(TARGET_NAME)";
				SWIFT_VERSION = 3.0;
				TEST_TARGET_NAME = socket;
			};
			name = Release;
		};
/* End XCBuildConfiguration section */

/* Begin XCConfigurationList section */
		1EEB4DC01F204521005081E9 /* Build configuration list for PBXProject "socket" */ = {
			isa = XCConfigurationList;
			buildConfigurations = (
				1EEB4DEB1F204521005081E9 /* Debug */,
				1EEB4DEC1F204521005081E9 /* Release */,
			);
			defaultConfigurationIsVisible = 0;
			defaultConfigurationName = Release;
		};
		1EEB4DED1F204521005081E9 /* Build configuration list for PBXNativeTarget "socket" */ = {
			isa = XCConfigurationList;
			buildConfigurations = (
				1EEB4DEE1F204521005081E9 /* Debug */,
				1EEB4DEF1F204521005081E9 /* Release */,
			);
			defaultConfigurationIsVisible = 0;
			defaultConfigurationName = Release;
		};
		1EEB4DF01F204521005081E9 /* Build configuration list for PBXNativeTarget "socketTests" */ = {
			isa = XCConfigurationList;
			buildConfigurations = (
				1EEB4DF11F204521005081E9 /* Debug */,
				1EEB4DF21F204521005081E9 /* Release */,
			);
			defaultConfigurationIsVisible = 0;
			defaultConfigurationName = Release;
		};
		1EEB4DF31F204521005081E9 /* Build configuration list for PBXNativeTarget "socketUITests" */ = {
			isa = XCConfigurationList;
			buildConfigurations = (
				1EEB4DF41F204521005081E9 /* Debug */,
				1EEB4DF51F204521005081E9 /* Release */,
			);
			defaultConfigurationIsVisible = 0;
			defaultConfigurationName = Release;
		};
/* End XCConfigurationList section */
	};
	rootObject = 1EEB4DBD1F204521005081E9 /* Project object */;
}
